<?xml version="1.0" encoding="utf-8"?>
<Project ToolsVersion="4.0" xmlns="http://schemas.microsoft.com/developer/msbuild/2003">
  <ItemGroup>
    <ClCompile Include="main.cpp" />
    <ClCompile Include="visualizadordecontexto.cpp">
      <Filter>Source Files</Filter>
    </ClCompile>
    <ClCompile Include="GeneratedFiles\Debug\moc_visualizadordecontexto.cpp">
      <Filter>Generated Files</Filter>
    </ClCompile>
    <ClCompile Include="GeneratedFiles\qrc_visualizadordecontexto.cpp">
      <Filter>Generated Files</Filter>
    </ClCompile>
    <ClCompile Include="GeneratedFiles\Debug\moc_DialogoTerminos.cpp">
      <Filter>Generated Files</Filter>
    </ClCompile>
    <ClCompile Include="DialogoTerminos.cpp">
      <Filter>Source Files</Filter>
    </ClCompile>
    <ClCompile Include="GeneratedFiles\Debug\moc_DialogoConceptos.cpp">
      <Filter>Generated Files</Filter>
    </ClCompile>
    <ClCompile Include="GeneratedFiles\Release\moc_DialogoConceptos.cpp">
      <Filter>Generated Files</Filter>
    </ClCompile>
    <ClCompile Include="DialogoConceptos.cpp">
      <Filter>Source Files</Filter>
    </ClCompile>
    <ClCompile Include="GeneratedFiles\Debug\moc_DialogoFechas.cpp">
      <Filter>Generated Files</Filter>
    </ClCompile>
    <ClCompile Include="GeneratedFiles\Release\moc_DialogoFechas.cpp">
      <Filter>Generated Files</Filter>
    </ClCompile>
    <ClCompile Include="DialogoFechas.cpp">
      <Filter>Source Files</Filter>
    </ClCompile>
    <ClCompile Include="GeneratedFiles\Debug\moc_DialogoPeriodos.cpp">
      <Filter>Generated Files</Filter>
    </ClCompile>
    <ClCompile Include="GeneratedFiles\Release\moc_DialogoPeriodos.cpp">
      <Filter>Generated Files</Filter>
    </ClCompile>
    <ClCompile Include="DialogoPeriodos.cpp">
      <Filter>Source Files</Filter>
    </ClCompile>
    <ClCompile Include="GeneratedFiles\Debug\moc_DialogoConsultas.cpp">
      <Filter>Generated Files</Filter>
    </ClCompile>
    <ClCompile Include="GeneratedFiles\Release\moc_DialogoConsultas.cpp">
      <Filter>Generated Files</Filter>
    </ClCompile>
    <ClCompile Include="DialogoConsultas.cpp">
      <Filter>Source Files</Filter>
    </ClCompile>
    <ClCompile Include="source\FabricaMensajes.cpp">
      <Filter>Source Files\comunicacion</Filter>
    </ClCompile>
    <ClCompile Include="source\GraficoDeBarras.cpp">
      <Filter>Source Files\graficos</Filter>
    </ClCompile>
    <ClCompile Include="source\Individuo.cpp">
      <Filter>Source Files\graficos\modelo</Filter>
    </ClCompile>
    <ClCompile Include="GeneratedFiles\Debug\moc_DialogoMediosTwitter.cpp">
      <Filter>Generated Files</Filter>
    </ClCompile>
    <ClCompile Include="GeneratedFiles\Release\moc_DialogoMediosTwitter.cpp">
      <Filter>Generated Files</Filter>
    </ClCompile>
    <ClCompile Include="DialogoMediosTwitter.cpp">
      <Filter>Source Files</Filter>
    </ClCompile>
    <ClCompile Include="GeneratedFiles\Release\moc_DialogoTerminos.cpp">
      <Filter>Generated Files</Filter>
    </ClCompile>
    <ClCompile Include="GeneratedFiles\Release\moc_visualizadordecontexto.cpp">
      <Filter>Generated Files</Filter>
    </ClCompile>
    <ClCompile Include="GeneratedFiles\Debug\moc_DialogoMediosFacebook.cpp">
      <Filter>Generated Files</Filter>
    </ClCompile>
    <ClCompile Include="GeneratedFiles\Release\moc_DialogoMediosFacebook.cpp">
      <Filter>Generated Files</Filter>
    </ClCompile>
    <ClCompile Include="DialogoMediosFacebook.cpp">
      <Filter>Source Files</Filter>
    </ClCompile>
    <ClCompile Include="GeneratedFiles\Debug\moc_DialogoEditarConcepto.cpp">
      <Filter>Generated Files</Filter>
    </ClCompile>
    <ClCompile Include="GeneratedFiles\Release\moc_DialogoEditarConcepto.cpp">
      <Filter>Generated Files</Filter>
    </ClCompile>
    <ClCompile Include="DialogoEditarConcepto.cpp">
      <Filter>Source Files</Filter>
    </ClCompile>
    <ClCompile Include="source\Categoria.cpp">
      <Filter>Source Files\graficos\modelo</Filter>
    </ClCompile>
    <ClCompile Include="GeneratedFiles\Debug\moc_DialogoEditarMedioFacebook.cpp">
      <Filter>Generated Files</Filter>
    </ClCompile>
    <ClCompile Include="GeneratedFiles\Release\moc_DialogoEditarMedioFacebook.cpp">
      <Filter>Generated Files</Filter>
    </ClCompile>
    <ClCompile Include="DialogoEditarMedioFacebook.cpp">
      <Filter>Source Files</Filter>
    </ClCompile>
    <ClCompile Include="GeneratedFiles\Debug\moc_DialogoEditarCuentaTwitter.cpp">
      <Filter>Generated Files</Filter>
    </ClCompile>
    <ClCompile Include="GeneratedFiles\Release\moc_DialogoEditarCuentaTwitter.cpp">
      <Filter>Generated Files</Filter>
    </ClCompile>
    <ClCompile Include="DialogoEditarCuentaTwitter.cpp">
      <Filter>Source Files</Filter>
    </ClCompile>
    <ClCompile Include="GeneratedFiles\Debug\moc_DialogoResultadoConsulta.cpp">
      <Filter>Generated Files</Filter>
    </ClCompile>
    <ClCompile Include="GeneratedFiles\Release\moc_DialogoResultadoConsulta.cpp">
      <Filter>Generated Files</Filter>
    </ClCompile>
    <ClCompile Include="DialogoResultadoConsulta.cpp">
      <Filter>Source Files</Filter>
    </ClCompile>
  </ItemGroup>
  <ItemGroup>
    <Filter Include="Resource Files">
      <UniqueIdentifier>{D9D6E242-F8AF-46E4-B9FD-80ECBC20BA3E}</UniqueIdentifier>
      <Extensions>qrc;*</Extensions>
      <ParseFiles>false</ParseFiles>
    </Filter>
    <Filter Include="Source Files">
      <UniqueIdentifier>{4FC737F1-C7A5-4376-A066-2A32D752A2FF}</UniqueIdentifier>
      <Extensions>cpp;c;cc;cxx;def;odl;idl;hpj;bat;asm;asmx</Extensions>
      <ParseFiles>true</ParseFiles>
    </Filter>
    <Filter Include="Header Files">
      <UniqueIdentifier>{93995380-89BD-4b04-88EB-625FBE52EBFB}</UniqueIdentifier>
      <Extensions>h;hh;hpp;hxx;hm;inl;inc;xsd</Extensions>
      <ParseFiles>true</ParseFiles>
    </Filter>
    <Filter Include="Generated Files">
      <UniqueIdentifier>{71ED8ED8-ACB9-4CE9-BBE1-E00B30144E11}</UniqueIdentifier>
      <Extensions>moc;h;cpp</Extensions>
      <ParseFiles>true</ParseFiles>
    </Filter>
    <Filter Include="Form Files">
      <UniqueIdentifier>{99349809-55BA-4b9d-BF79-8FDBB0286EB3}</UniqueIdentifier>
      <Extensions>ui</Extensions>
      <ParseFiles>true</ParseFiles>
    </Filter>
    <Filter Include="Header Files\comunicacion">
      <UniqueIdentifier>{37860bcf-6bbb-41a7-9c3c-d562371207a9}</UniqueIdentifier>
    </Filter>
    <Filter Include="Source Files\comunicacion">
      <UniqueIdentifier>{30df6ebf-e078-4e69-9e8b-9fa4be10d6bc}</UniqueIdentifier>
    </Filter>
    <Filter Include="Header Files\graficos">
      <UniqueIdentifier>{6d8cd9ab-14db-4598-b17e-200f83cb30e3}</UniqueIdentifier>
    </Filter>
    <Filter Include="Source Files\graficos">
      <UniqueIdentifier>{f20b43c7-689d-4382-92eb-04cfc9c71fc5}</UniqueIdentifier>
    </Filter>
    <Filter Include="Source Files\graficos\modelo">
      <UniqueIdentifier>{057a1298-c558-407b-a43e-5bfdae70ed64}</UniqueIdentifier>
    </Filter>
    <Filter Include="Header Files\graficos\modelo">
      <UniqueIdentifier>{8e4f3645-a55b-4b83-80af-0e412dc0e445}</UniqueIdentifier>
    </Filter>
  </ItemGroup>
  <ItemGroup>
    <CustomBuild Include="visualizadordecontexto.h">
      <Filter>Header Files</Filter>
    </CustomBuild>
    <CustomBuild Include="visualizadordecontexto.ui">
      <Filter>Form Files</Filter>
    </CustomBuild>
    <CustomBuild Include="visualizadordecontexto.qrc">
      <Filter>Resource Files</Filter>
    </CustomBuild>
    <CustomBuild Include="DialogoTerminos.h">
      <Filter>Header Files</Filter>
    </CustomBuild>
    <CustomBuild Include="DialogoTerminos.ui">
      <Filter>Form Files</Filter>
    </CustomBuild>
    <CustomBuild Include="DialogoConceptos.h">
      <Filter>Header Files</Filter>
    </CustomBuild>
    <CustomBuild Include="DialogoConceptos.ui">
      <Filter>Form Files</Filter>
    </CustomBuild>
    <CustomBuild Include="DialogoFechas.h">
      <Filter>Header Files</Filter>
    </CustomBuild>
    <CustomBuild Include="DialogoFechas.ui">
      <Filter>Form Files</Filter>
    </CustomBuild>
    <CustomBuild Include="DialogoPeriodos.h">
      <Filter>Header Files</Filter>
    </CustomBuild>
    <CustomBuild Include="DialogoPeriodos.ui">
      <Filter>Form Files</Filter>
    </CustomBuild>
    <CustomBuild Include="DialogoConsultas.h">
      <Filter>Header Files</Filter>
    </CustomBuild>
    <CustomBuild Include="DialogoConsultas.ui">
      <Filter>Form Files</Filter>
    </CustomBuild>
    <CustomBuild Include="DialogoMediosTwitter.h">
      <Filter>Header Files</Filter>
    </CustomBuild>
    <CustomBuild Include="DialogoMediosTwitter.ui">
      <Filter>Form Files</Filter>
    </CustomBuild>
    <CustomBuild Include="include\GraficoDeBarras.h">
      <Filter>Header Files\graficos</Filter>
    </CustomBuild>
    <CustomBuild Include="DialogoMediosFacebook.h">
      <Filter>Header Files</Filter>
    </CustomBuild>
    <CustomBuild Include="DialogoMediosFacebook.ui">
      <Filter>Form Files</Filter>
    </CustomBuild>
    <CustomBuild Include="DialogoEditarConcepto.h">
      <Filter>Header Files</Filter>
    </CustomBuild>
    <CustomBuild Include="DialogoEditarConcepto.ui">
      <Filter>Form Files</Filter>
    </CustomBuild>
    <CustomBuild Include="DialogoEditarMedioFacebook.h">
      <Filter>Header Files</Filter>
    </CustomBuild>
    <CustomBuild Include="DialogoEditarMedioFacebook.ui">
      <Filter>Form Files</Filter>
    </CustomBuild>
    <CustomBuild Include="DialogoEditarCuentaTwitter.h">
      <Filter>Header Files</Filter>
    </CustomBuild>
    <CustomBuild Include="DialogoEditarCuentaTwitter.ui">
      <Filter>Form Files</Filter>
    </CustomBuild>
    <CustomBuild Include="DialogoResultadoConsulta.h">
      <Filter>Header Files</Filter>
    </CustomBuild>
    <CustomBuild Include="DialogoResultadoConsulta.ui">
      <Filter>Form Files</Filter>
    </CustomBuild>
  </ItemGroup>
  <ItemGroup>
    <ClInclude Include="GeneratedFiles\ui_visualizadordecontexto.h">
      <Filter>Generated Files</Filter>
    </ClInclude>
    <ClInclude Include="GeneratedFiles\ui_DialogoTerminos.h">
      <Filter>Generated Files</Filter>
    </ClInclude>
    <ClInclude Include="GeneratedFiles\ui_DialogoConceptos.h">
      <Filter>Generated Files</Filter>
    </ClInclude>
    <ClInclude Include="declaraciones_metatipos.h">
      <Filter>Header Files</Filter>
    </ClInclude>
    <ClInclude Include="GeneratedFiles\ui_DialogoFechas.h">
      <Filter>Generated Files</Filter>
    </ClInclude>
    <ClInclude Include="GeneratedFiles\ui_DialogoPeriodos.h">
      <Filter>Generated Files</Filter>
    </ClInclude>
    <ClInclude Include="GeneratedFiles\ui_DialogoConsultas.h">
      <Filter>Generated Files</Filter>
    </ClInclude>
    <ClInclude Include="include\FabricaMensajes.h">
      <Filter>Header Files\comunicacion</Filter>
    </ClInclude>
    <ClInclude Include="include\Individuo.h">
      <Filter>Header Files\graficos\modelo</Filter>
    </ClInclude>
    <ClInclude Include="GeneratedFiles\ui_DialogoMediosTwitter.h">
      <Filter>Generated Files</Filter>
    </ClInclude>
    <ClInclude Include="GeneratedFiles\ui_DialogoMediosFacebook.h">
      <Filter>Generated Files</Filter>
    </ClInclude>
    <ClInclude Include="GeneratedFiles\ui_DialogoEditarConcepto.h">
      <Filter>Generated Files</Filter>
    </ClInclude>
    <ClInclude Include="include\Categoria.h">
      <Filter>Header Files\graficos\modelo</Filter>
    </ClInclude>
    <ClInclude Include="GeneratedFiles\ui_DialogoEditarMedioFacebook.h">
      <Filter>Generated Files</Filter>
    </ClInclude>
    <ClInclude Include="GeneratedFiles\ui_DialogoEditarCuentaTwitter.h">
      <Filter>Generated Files</Filter>
    </ClInclude>
    <ClInclude Include="GeneratedFiles\ui_DialogoResultadoConsulta.h">
      <Filter>Generated Files</Filter>
    </ClInclude>
  </ItemGroup>
  <ItemGroup>
    <ResourceCompile Include="visualizador-de-contexto.rc" />
  </ItemGroup>
</Project>