<?xml version="1.0" encoding="utf-8"?>
<Project ToolsVersion="4.0" xmlns="http://schemas.microsoft.com/developer/msbuild/2003">
  <ItemGroup>
    <Filter Include="Archivos de código fuente">
      <UniqueIdentifier>{4FC737F1-C7A5-4376-A066-2A32D752A2FF}</UniqueIdentifier>
      <Extensions>cpp;c;cc;cxx;def;odl;idl;hpj;bat;asm;asmx</Extensions>
    </Filter>
    <Filter Include="Archivos de encabezado">
      <UniqueIdentifier>{93995380-89BD-4b04-88EB-625FBE52EBFB}</UniqueIdentifier>
      <Extensions>h;hh;hpp;hxx;hm;inl;inc;xsd</Extensions>
    </Filter>
    <Filter Include="Archivos de recursos">
      <UniqueIdentifier>{67DA6AB6-F800-4c08-8B7A-83BB121AAD01}</UniqueIdentifier>
      <Extensions>rc;ico;cur;bmp;dlg;rc2;rct;bin;rgs;gif;jpg;jpeg;jpe;resx;tiff;tif;png;wav;mfcribbon-ms</Extensions>
    </Filter>
    <Filter Include="Archivos de código fuente\relaciones">
      <UniqueIdentifier>{c0efa985-ae50-4a4b-8b99-231f32c91b83}</UniqueIdentifier>
    </Filter>
    <Filter Include="Archivos de encabezado\relaciones">
      <UniqueIdentifier>{8c95f7eb-8718-4e54-857b-ab7aeb144225}</UniqueIdentifier>
    </Filter>
    <Filter Include="Archivos de código fuente\interfaces">
      <UniqueIdentifier>{780b8689-583d-49b5-b194-4cd7ee3551a7}</UniqueIdentifier>
    </Filter>
    <Filter Include="Archivos de encabezado\interfaces">
      <UniqueIdentifier>{e41bcd6b-86ff-49f8-a8a0-bd3f22481aa2}</UniqueIdentifier>
    </Filter>
    <Filter Include="Archivos de código fuente\relaciones\relacion con">
      <UniqueIdentifier>{215097fe-9b48-4f08-abe4-4132a3b6589a}</UniqueIdentifier>
    </Filter>
    <Filter Include="Archivos de encabezado\relaciones\relacion con">
      <UniqueIdentifier>{84438530-b1a3-4caa-bfee-0bd890b3c8a8}</UniqueIdentifier>
    </Filter>
    <Filter Include="Archivos de código fuente\medios">
      <UniqueIdentifier>{d1c3683c-47e4-4322-b4d0-04f3108ccd3a}</UniqueIdentifier>
    </Filter>
    <Filter Include="Archivos de encabezado\medios">
      <UniqueIdentifier>{6d8a36ae-48b4-4ad6-844d-f47e49aeb632}</UniqueIdentifier>
    </Filter>
  </ItemGroup>
  <ItemGroup>
    <ClInclude Include="include\Termino.h">
      <Filter>Archivos de encabezado</Filter>
    </ClInclude>
    <ClInclude Include="include\Concepto.h">
      <Filter>Archivos de encabezado</Filter>
    </ClInclude>
    <ClInclude Include="include\Consulta.h">
      <Filter>Archivos de encabezado</Filter>
    </ClInclude>
    <ClInclude Include="include\Fecha.h">
      <Filter>Archivos de encabezado</Filter>
    </ClInclude>
    <ClInclude Include="include\Grafico.h">
      <Filter>Archivos de encabezado</Filter>
    </ClInclude>
    <ClInclude Include="include\Medio.h">
      <Filter>Archivos de encabezado</Filter>
    </ClInclude>
    <ClInclude Include="include\Periodo.h">
      <Filter>Archivos de encabezado</Filter>
    </ClInclude>
    <ClInclude Include="include\Reporte.h">
      <Filter>Archivos de encabezado</Filter>
    </ClInclude>
    <ClInclude Include="include\Seccion.h">
      <Filter>Archivos de encabezado</Filter>
    </ClInclude>
    <ClInclude Include="include\RelacionesTermino.h">
      <Filter>Archivos de encabezado\relaciones</Filter>
    </ClInclude>
    <ClInclude Include="include\IRelaciones.h">
      <Filter>Archivos de encabezado\relaciones</Filter>
    </ClInclude>
    <ClInclude Include="include\IAlmacenable.h">
      <Filter>Archivos de encabezado\interfaces</Filter>
    </ClInclude>
    <ClInclude Include="include\IContieneJson.h">
      <Filter>Archivos de encabezado\interfaces</Filter>
    </ClInclude>
    <ClInclude Include="include\IEntidad.h">
      <Filter>Archivos de encabezado\interfaces</Filter>
    </ClInclude>
    <ClInclude Include="include\IHashable.h">
      <Filter>Archivos de encabezado\interfaces</Filter>
    </ClInclude>
    <ClInclude Include="include\IJson.h">
      <Filter>Archivos de encabezado\interfaces</Filter>
    </ClInclude>
    <ClInclude Include="include\IReferenciable.h">
      <Filter>Archivos de encabezado\interfaces</Filter>
    </ClInclude>
    <ClInclude Include="include\IRelacionable.h">
      <Filter>Archivos de encabezado\interfaces</Filter>
    </ClInclude>
    <ClInclude Include="include\RelacionesConcepto.h">
      <Filter>Archivos de encabezado\relaciones</Filter>
    </ClInclude>
    <ClInclude Include="include\RelacionesConsulta.h">
      <Filter>Archivos de encabezado\relaciones</Filter>
    </ClInclude>
    <ClInclude Include="include\RelacionesFecha.h">
      <Filter>Archivos de encabezado\relaciones</Filter>
    </ClInclude>
    <ClInclude Include="include\RelacionesMedio.h">
      <Filter>Archivos de encabezado\relaciones</Filter>
    </ClInclude>
    <ClInclude Include="include\RelacionesPeriodo.h">
      <Filter>Archivos de encabezado\relaciones</Filter>
    </ClInclude>
    <ClInclude Include="include\RelacionesReporte.h">
      <Filter>Archivos de encabezado\relaciones</Filter>
    </ClInclude>
    <ClInclude Include="include\RelacionesSeccion.h">
      <Filter>Archivos de encabezado\relaciones</Filter>
    </ClInclude>
    <ClInclude Include="include\IRelacionConConsultas.h">
      <Filter>Archivos de encabezado\relaciones\relacion con</Filter>
    </ClInclude>
    <ClInclude Include="include\IRelacionConMedios.h">
      <Filter>Archivos de encabezado\relaciones\relacion con</Filter>
    </ClInclude>
    <ClInclude Include="include\IRelacionConPeriodos.h">
      <Filter>Archivos de encabezado\relaciones\relacion con</Filter>
    </ClInclude>
    <ClInclude Include="include\IRelacionConSecciones.h">
      <Filter>Archivos de encabezado\relaciones\relacion con</Filter>
    </ClInclude>
    <ClInclude Include="include\IRelacionConTerminos.h">
      <Filter>Archivos de encabezado\relaciones\relacion con</Filter>
    </ClInclude>
    <ClInclude Include="include\IRelacionConConceptos.h">
      <Filter>Archivos de encabezado\relaciones\relacion con</Filter>
    </ClInclude>
    <ClInclude Include="include\RelacionConGrupo.h">
      <Filter>Archivos de encabezado\relaciones\relacion con</Filter>
    </ClInclude>
    <ClInclude Include="include\MedioTwitter.h">
      <Filter>Archivos de encabezado\medios</Filter>
    </ClInclude>
  </ItemGroup>
  <ItemGroup>
    <ClCompile Include="source\Concepto.cpp">
      <Filter>Archivos de código fuente</Filter>
    </ClCompile>
    <ClCompile Include="source\Consulta.cpp">
      <Filter>Archivos de código fuente</Filter>
    </ClCompile>
    <ClCompile Include="source\Fecha.cpp">
      <Filter>Archivos de código fuente</Filter>
    </ClCompile>
    <ClCompile Include="source\Grafico.cpp">
      <Filter>Archivos de código fuente</Filter>
    </ClCompile>
    <ClCompile Include="source\Medio.cpp">
      <Filter>Archivos de código fuente</Filter>
    </ClCompile>
    <ClCompile Include="source\Reporte.cpp">
      <Filter>Archivos de código fuente</Filter>
    </ClCompile>
    <ClCompile Include="source\Periodo.cpp">
      <Filter>Archivos de código fuente</Filter>
    </ClCompile>
    <ClCompile Include="source\Seccion.cpp">
      <Filter>Archivos de código fuente</Filter>
    </ClCompile>
    <ClCompile Include="source\RelacionesTermino.cpp">
      <Filter>Archivos de código fuente\relaciones</Filter>
    </ClCompile>
    <ClCompile Include="source\IRelaciones.cpp">
      <Filter>Archivos de código fuente\relaciones</Filter>
    </ClCompile>
    <ClCompile Include="source\IAlmacenable.cpp">
      <Filter>Archivos de código fuente\interfaces</Filter>
    </ClCompile>
    <ClCompile Include="source\IContieneJson.cpp">
      <Filter>Archivos de código fuente\interfaces</Filter>
    </ClCompile>
    <ClCompile Include="source\IEntidad.cpp">
      <Filter>Archivos de código fuente\interfaces</Filter>
    </ClCompile>
    <ClCompile Include="source\IHashable.cpp">
      <Filter>Archivos de código fuente\interfaces</Filter>
    </ClCompile>
    <ClCompile Include="source\IJson.cpp">
      <Filter>Archivos de código fuente\interfaces</Filter>
    </ClCompile>
    <ClCompile Include="source\IReferenciable.cpp">
      <Filter>Archivos de código fuente\interfaces</Filter>
    </ClCompile>
    <ClCompile Include="source\IRelacionable.cpp">
      <Filter>Archivos de código fuente\interfaces</Filter>
    </ClCompile>
    <ClCompile Include="source\RelacionesConcepto.cpp">
      <Filter>Archivos de código fuente\relaciones</Filter>
    </ClCompile>
    <ClCompile Include="source\RelacionesConsulta.cpp">
      <Filter>Archivos de código fuente\relaciones</Filter>
    </ClCompile>
    <ClCompile Include="source\RelacionesFecha.cpp">
      <Filter>Archivos de código fuente\relaciones</Filter>
    </ClCompile>
    <ClCompile Include="source\RelacionesMedio.cpp">
      <Filter>Archivos de código fuente\relaciones</Filter>
    </ClCompile>
    <ClCompile Include="source\RelacionesPeriodo.cpp">
      <Filter>Archivos de código fuente\relaciones</Filter>
    </ClCompile>
    <ClCompile Include="source\RelacionesReporte.cpp">
      <Filter>Archivos de código fuente\relaciones</Filter>
    </ClCompile>
    <ClCompile Include="source\RelacionesSeccion.cpp">
      <Filter>Archivos de código fuente\relaciones</Filter>
    </ClCompile>
    <ClCompile Include="source\IRelacionConConsultas.cpp">
      <Filter>Archivos de código fuente\relaciones\relacion con</Filter>
    </ClCompile>
    <ClCompile Include="source\IRelacionConMedios.cpp">
      <Filter>Archivos de código fuente\relaciones\relacion con</Filter>
    </ClCompile>
    <ClCompile Include="source\IRelacionConPeriodos.cpp">
      <Filter>Archivos de código fuente\relaciones\relacion con</Filter>
    </ClCompile>
    <ClCompile Include="source\IRelacionConSecciones.cpp">
      <Filter>Archivos de código fuente\relaciones\relacion con</Filter>
    </ClCompile>
    <ClCompile Include="source\IRelacionConTerminos.cpp">
      <Filter>Archivos de código fuente\relaciones\relacion con</Filter>
    </ClCompile>
    <ClCompile Include="source\IRelacionConConceptos.cpp">
      <Filter>Archivos de código fuente\relaciones\relacion con</Filter>
    </ClCompile>
    <ClCompile Include="source\RelacionConGrupo.cpp">
      <Filter>Archivos de código fuente\relaciones\relacion con</Filter>
    </ClCompile>
    <ClCompile Include="source\Termino.cpp">
      <Filter>Archivos de código fuente</Filter>
    </ClCompile>
    <ClCompile Include="source\MedioTwitter.cpp">
      <Filter>Archivos de código fuente\medios</Filter>
    </ClCompile>
  </ItemGroup>
</Project>