
Microsoft Visual Studio Solution File, Format Version 12.00
# Visual Studio 15
VisualStudioVersion = 15.0.26430.12
MinimumVisualStudioVersion = 10.0.40219.1
Project("{8BC9CEB8-8B4A-11D0-8D11-00A0C91BC942}") = "interfaz-usuario", "interfaz-usuario\interfaz-usuario.vcxproj", "{05FC473B-D87E-415F-8BEE-738B3E7635A3}"
EndProject
Project("{8BC9CEB8-8B4A-11D0-8D11-00A0C91BC942}") = "aplicacion", "aplicacion\aplicacion.vcxproj", "{56C9BA39-3676-4FBA-BE2D-7C2041190B3E}"
EndProject
Project("{8BC9CEB8-8B4A-11D0-8D11-00A0C91BC942}") = "modelo", "modelo\modelo.vcxproj", "{9F37B781-A196-462E-9E4C-D85B7D8337B4}"
EndProject
Project("{8BC9CEB8-8B4A-11D0-8D11-00A0C91BC942}") = "testing", "testing\testing.vcxproj", "{1E09DEC4-E482-42D2-AD8C-76F01BF6C631}"
EndProject
Global
	GlobalSection(SolutionConfigurationPlatforms) = preSolution
		Debug|x64 = Debug|x64
		Debug|x86 = Debug|x86
		Release|x64 = Release|x64
		Release|x86 = Release|x86
	EndGlobalSection
	GlobalSection(ProjectConfigurationPlatforms) = postSolution
		{05FC473B-D87E-415F-8BEE-738B3E7635A3}.Debug|x64.ActiveCfg = Debug|x64
		{05FC473B-D87E-415F-8BEE-738B3E7635A3}.Debug|x64.Build.0 = Debug|x64
		{05FC473B-D87E-415F-8BEE-738B3E7635A3}.Debug|x86.ActiveCfg = Debug|Win32
		{05FC473B-D87E-415F-8BEE-738B3E7635A3}.Debug|x86.Build.0 = Debug|Win32
		{05FC473B-D87E-415F-8BEE-738B3E7635A3}.Release|x64.ActiveCfg = Release|x64
		{05FC473B-D87E-415F-8BEE-738B3E7635A3}.Release|x64.Build.0 = Release|x64
		{05FC473B-D87E-415F-8BEE-738B3E7635A3}.Release|x86.ActiveCfg = Release|Win32
		{05FC473B-D87E-415F-8BEE-738B3E7635A3}.Release|x86.Build.0 = Release|Win32
		{56C9BA39-3676-4FBA-BE2D-7C2041190B3E}.Debug|x64.ActiveCfg = Debug|x64
		{56C9BA39-3676-4FBA-BE2D-7C2041190B3E}.Debug|x64.Build.0 = Debug|x64
		{56C9BA39-3676-4FBA-BE2D-7C2041190B3E}.Debug|x86.ActiveCfg = Debug|Win32
		{56C9BA39-3676-4FBA-BE2D-7C2041190B3E}.Debug|x86.Build.0 = Debug|Win32
		{56C9BA39-3676-4FBA-BE2D-7C2041190B3E}.Release|x64.ActiveCfg = Release|x64
		{56C9BA39-3676-4FBA-BE2D-7C2041190B3E}.Release|x64.Build.0 = Release|x64
		{56C9BA39-3676-4FBA-BE2D-7C2041190B3E}.Release|x86.ActiveCfg = Release|Win32
		{56C9BA39-3676-4FBA-BE2D-7C2041190B3E}.Release|x86.Build.0 = Release|Win32
		{9F37B781-A196-462E-9E4C-D85B7D8337B4}.Debug|x64.ActiveCfg = Debug|x64
		{9F37B781-A196-462E-9E4C-D85B7D8337B4}.Debug|x64.Build.0 = Debug|x64
		{9F37B781-A196-462E-9E4C-D85B7D8337B4}.Debug|x86.ActiveCfg = Debug|Win32
		{9F37B781-A196-462E-9E4C-D85B7D8337B4}.Debug|x86.Build.0 = Debug|Win32
		{9F37B781-A196-462E-9E4C-D85B7D8337B4}.Release|x64.ActiveCfg = Release|x64
		{9F37B781-A196-462E-9E4C-D85B7D8337B4}.Release|x64.Build.0 = Release|x64
		{9F37B781-A196-462E-9E4C-D85B7D8337B4}.Release|x86.ActiveCfg = Release|Win32
		{9F37B781-A196-462E-9E4C-D85B7D8337B4}.Release|x86.Build.0 = Release|Win32
		{1E09DEC4-E482-42D2-AD8C-76F01BF6C631}.Debug|x64.ActiveCfg = Debug|x64
		{1E09DEC4-E482-42D2-AD8C-76F01BF6C631}.Debug|x64.Build.0 = Debug|x64
		{1E09DEC4-E482-42D2-AD8C-76F01BF6C631}.Debug|x86.ActiveCfg = Debug|Win32
		{1E09DEC4-E482-42D2-AD8C-76F01BF6C631}.Debug|x86.Build.0 = Debug|Win32
		{1E09DEC4-E482-42D2-AD8C-76F01BF6C631}.Release|x64.ActiveCfg = Release|x64
		{1E09DEC4-E482-42D2-AD8C-76F01BF6C631}.Release|x64.Build.0 = Release|x64
		{1E09DEC4-E482-42D2-AD8C-76F01BF6C631}.Release|x86.ActiveCfg = Release|Win32
		{1E09DEC4-E482-42D2-AD8C-76F01BF6C631}.Release|x86.Build.0 = Release|Win32
	EndGlobalSection
	GlobalSection(SolutionProperties) = preSolution
		HideSolutionNode = FALSE
	EndGlobalSection
EndGlobal
